
Microsoft Visual Studio Solution File, Format Version 12.00
# Visual Studio 15
VisualStudioVersion = 15.0.26124.0
MinimumVisualStudioVersion = 15.0.26124.0
Project("{FAE04EC0-301F-11D3-BF4B-00C04F79EFBC}") = "Femyou", "src\Femyou.csproj", "{2F693186-1D02-4DA7-BEAC-AE201EA7852C}"
EndProject
Project("{FAE04EC0-301F-11D3-BF4B-00C04F79EFBC}") = "Femyou.Tests", "tests\Femyou.Tests.csproj", "{78DEEB7D-CE14-4717-8349-ACB15EBBFFF4}"
EndProject
Project("{2150E333-8FDC-42A3-9474-1A3956D46DE8}") = "demos", "demos", "{11B0B0D8-C46E-49AF-B09B-BC5264B9A11F}"
EndProject
Project("{FAE04EC0-301F-11D3-BF4B-00C04F79EFBC}") = "BouncingBallGif", "demos\BouncingBallGif\BouncingBallGif.csproj", "{889E56D7-38CE-4529-9561-C9D354FFA877}"
EndProject
Project("{2150E333-8FDC-42A3-9474-1A3956D46DE8}") = "misc", "misc", "{9D2D98F1-BF85-4697-8157-6907960C8380}"
	ProjectSection(SolutionItems) = preProject
		.github\workflows\CI.yml = .github\workflows\CI.yml
		.gitignore = .gitignore
	EndProjectSection
EndProject
Global
	GlobalSection(SolutionConfigurationPlatforms) = preSolution
		Debug|Any CPU = Debug|Any CPU
		Debug|x64 = Debug|x64
		Debug|x86 = Debug|x86
		Release|Any CPU = Release|Any CPU
		Release|x64 = Release|x64
		Release|x86 = Release|x86
	EndGlobalSection
	GlobalSection(SolutionProperties) = preSolution
		HideSolutionNode = FALSE
	EndGlobalSection
	GlobalSection(ProjectConfigurationPlatforms) = postSolution
		{2F693186-1D02-4DA7-BEAC-AE201EA7852C}.Debug|Any CPU.ActiveCfg = Debug|Any CPU
		{2F693186-1D02-4DA7-BEAC-AE201EA7852C}.Debug|Any CPU.Build.0 = Debug|Any CPU
		{2F693186-1D02-4DA7-BEAC-AE201EA7852C}.Debug|x64.ActiveCfg = Debug|Any CPU
		{2F693186-1D02-4DA7-BEAC-AE201EA7852C}.Debug|x64.Build.0 = Debug|Any CPU
		{2F693186-1D02-4DA7-BEAC-AE201EA7852C}.Debug|x86.ActiveCfg = Debug|Any CPU
		{2F693186-1D02-4DA7-BEAC-AE201EA7852C}.Debug|x86.Build.0 = Debug|Any CPU
		{2F693186-1D02-4DA7-BEAC-AE201EA7852C}.Release|Any CPU.ActiveCfg = Release|Any CPU
		{2F693186-1D02-4DA7-BEAC-AE201EA7852C}.Release|Any CPU.Build.0 = Release|Any CPU
		{2F693186-1D02-4DA7-BEAC-AE201EA7852C}.Release|x64.ActiveCfg = Release|Any CPU
		{2F693186-1D02-4DA7-BEAC-AE201EA7852C}.Release|x64.Build.0 = Release|Any CPU
		{2F693186-1D02-4DA7-BEAC-AE201EA7852C}.Release|x86.ActiveCfg = Release|Any CPU
		{2F693186-1D02-4DA7-BEAC-AE201EA7852C}.Release|x86.Build.0 = Release|Any CPU
		{78DEEB7D-CE14-4717-8349-ACB15EBBFFF4}.Debug|Any CPU.ActiveCfg = Debug|Any CPU
		{78DEEB7D-CE14-4717-8349-ACB15EBBFFF4}.Debug|Any CPU.Build.0 = Debug|Any CPU
		{78DEEB7D-CE14-4717-8349-ACB15EBBFFF4}.Debug|x64.ActiveCfg = Debug|Any CPU
		{78DEEB7D-CE14-4717-8349-ACB15EBBFFF4}.Debug|x64.Build.0 = Debug|Any CPU
		{78DEEB7D-CE14-4717-8349-ACB15EBBFFF4}.Debug|x86.ActiveCfg = Debug|Any CPU
		{78DEEB7D-CE14-4717-8349-ACB15EBBFFF4}.Debug|x86.Build.0 = Debug|Any CPU
		{78DEEB7D-CE14-4717-8349-ACB15EBBFFF4}.Release|Any CPU.ActiveCfg = Release|Any CPU
		{78DEEB7D-CE14-4717-8349-ACB15EBBFFF4}.Release|Any CPU.Build.0 = Release|Any CPU
		{78DEEB7D-CE14-4717-8349-ACB15EBBFFF4}.Release|x64.ActiveCfg = Release|Any CPU
		{78DEEB7D-CE14-4717-8349-ACB15EBBFFF4}.Release|x64.Build.0 = Release|Any CPU
		{78DEEB7D-CE14-4717-8349-ACB15EBBFFF4}.Release|x86.ActiveCfg = Release|Any CPU
		{78DEEB7D-CE14-4717-8349-ACB15EBBFFF4}.Release|x86.Build.0 = Release|Any CPU
		{889E56D7-38CE-4529-9561-C9D354FFA877}.Debug|Any CPU.ActiveCfg = Debug|Any CPU
		{889E56D7-38CE-4529-9561-C9D354FFA877}.Debug|Any CPU.Build.0 = Debug|Any CPU
		{889E56D7-38CE-4529-9561-C9D354FFA877}.Debug|x64.ActiveCfg = Debug|Any CPU
		{889E56D7-38CE-4529-9561-C9D354FFA877}.Debug|x64.Build.0 = Debug|Any CPU
		{889E56D7-38CE-4529-9561-C9D354FFA877}.Debug|x86.ActiveCfg = Debug|Any CPU
		{889E56D7-38CE-4529-9561-C9D354FFA877}.Debug|x86.Build.0 = Debug|Any CPU
		{889E56D7-38CE-4529-9561-C9D354FFA877}.Release|Any CPU.ActiveCfg = Release|Any CPU
		{889E56D7-38CE-4529-9561-C9D354FFA877}.Release|Any CPU.Build.0 = Release|Any CPU
		{889E56D7-38CE-4529-9561-C9D354FFA877}.Release|x64.ActiveCfg = Release|Any CPU
		{889E56D7-38CE-4529-9561-C9D354FFA877}.Release|x64.Build.0 = Release|Any CPU
		{889E56D7-38CE-4529-9561-C9D354FFA877}.Release|x86.ActiveCfg = Release|Any CPU
		{889E56D7-38CE-4529-9561-C9D354FFA877}.Release|x86.Build.0 = Release|Any CPU
	EndGlobalSection
	GlobalSection(NestedProjects) = preSolution
		{889E56D7-38CE-4529-9561-C9D354FFA877} = {11B0B0D8-C46E-49AF-B09B-BC5264B9A11F}
	EndGlobalSection
EndGlobal
